// !$*UTF8*$!
{
	archiveVersion = 1;
	classes = {
	};
	objectVersion = 56;
	objects = {

/* Begin PBXBuildFile section */
		041EE0DE2D2ACCEC00340307 /* DetailsViewController.swift in Sources */ = {isa = PBXBuildFile; fileRef = 041EE0DD2D2ACCEC00340307 /* DetailsViewController.swift */; };
		04FF98022D29FA450085E259 /* AppDelegate.swift in Sources */ = {isa = PBXBuildFile; fileRef = 04FF98012D29FA450085E259 /* AppDelegate.swift */; };
		04FF98042D29FA450085E259 /* SceneDelegate.swift in Sources */ = {isa = PBXBuildFile; fileRef = 04FF98032D29FA450085E259 /* SceneDelegate.swift */; };
		04FF98062D29FA450085E259 /* ViewController.swift in Sources */ = {isa = PBXBuildFile; fileRef = 04FF98052D29FA450085E259 /* ViewController.swift */; };
		04FF98092D29FA450085E259 /* Main.storyboard in Resources */ = {isa = PBXBuildFile; fileRef = 04FF98072D29FA450085E259 /* Main.storyboard */; };
		04FF980B2D29FA470085E259 /* Assets.xcassets in Resources */ = {isa = PBXBuildFile; fileRef = 04FF980A2D29FA470085E259 /* Assets.xcassets */; };
		04FF980E2D29FA470085E259 /* LaunchScreen.storyboard in Resources */ = {isa = PBXBuildFile; fileRef = 04FF980C2D29FA470085E259 /* LaunchScreen.storyboard */; };
		04FF98202D2A01F80085E259 /* nssl0049.jpg in Resources */ = {isa = PBXBuildFile; fileRef = 04FF98162D2A01F80085E259 /* nssl0049.jpg */; };
		04FF98212D2A01F80085E259 /* nssl0046.jpg in Resources */ = {isa = PBXBuildFile; fileRef = 04FF98172D2A01F80085E259 /* nssl0046.jpg */; };
		04FF98222D2A01F80085E259 /* nssl0091.jpg in Resources */ = {isa = PBXBuildFile; fileRef = 04FF98182D2A01F80085E259 /* nssl0091.jpg */; };
		04FF98232D2A01F80085E259 /* nssl0045.jpg in Resources */ = {isa = PBXBuildFile; fileRef = 04FF98192D2A01F80085E259 /* nssl0045.jpg */; };
		04FF98242D2A01F80085E259 /* nssl0051.jpg in Resources */ = {isa = PBXBuildFile; fileRef = 04FF981A2D2A01F80085E259 /* nssl0051.jpg */; };
		04FF98252D2A01F80085E259 /* nssl0041.jpg in Resources */ = {isa = PBXBuildFile; fileRef = 04FF981B2D2A01F80085E259 /* nssl0041.jpg */; };
		04FF98262D2A01F80085E259 /* nssl0042.jpg in Resources */ = {isa = PBXBuildFile; fileRef = 04FF981C2D2A01F80085E259 /* nssl0042.jpg */; };
		04FF98272D2A01F80085E259 /* nssl0043.jpg in Resources */ = {isa = PBXBuildFile; fileRef = 04FF981D2D2A01F80085E259 /* nssl0043.jpg */; };
		04FF98282D2A01F80085E259 /* nssl0033.jpg in Resources */ = {isa = PBXBuildFile; fileRef = 04FF981E2D2A01F80085E259 /* nssl0033.jpg */; };
		04FF98292D2A01F80085E259 /* nssl0034.jpg in Resources */ = {isa = PBXBuildFile; fileRef = 04FF981F2D2A01F80085E259 /* nssl0034.jpg */; };
/* End PBXBuildFile section */

/* Begin PBXFileReference section */
		041EE0DD2D2ACCEC00340307 /* DetailsViewController.swift */ = {isa = PBXFileReference; lastKnownFileType = sourcecode.swift; path = DetailsViewController.swift; sourceTree = "<group>"; };
		04FF97FE2D29FA450085E259 /* Project1HackingWithSwift.app */ = {isa = PBXFileReference; explicitFileType = wrapper.application; includeInIndex = 0; path = Project1HackingWithSwift.app; sourceTree = BUILT_PRODUCTS_DIR; };
		04FF98012D29FA450085E259 /* AppDelegate.swift */ = {isa = PBXFileReference; lastKnownFileType = sourcecode.swift; path = AppDelegate.swift; sourceTree = "<group>"; };
		04FF98032D29FA450085E259 /* SceneDelegate.swift */ = {isa = PBXFileReference; lastKnownFileType = sourcecode.swift; path = SceneDelegate.swift; sourceTree = "<group>"; };
		04FF98052D29FA450085E259 /* ViewController.swift */ = {isa = PBXFileReference; lastKnownFileType = sourcecode.swift; path = ViewController.swift; sourceTree = "<group>"; };
		04FF98082D29FA450085E259 /* Base */ = {isa = PBXFileReference; lastKnownFileType = file.storyboard; name = Base; path = Base.lproj/Main.storyboard; sourceTree = "<group>"; };
		04FF980A2D29FA470085E259 /* Assets.xcassets */ = {isa = PBXFileReference; lastKnownFileType = folder.assetcatalog; path = Assets.xcassets; sourceTree = "<group>"; };
		04FF980D2D29FA470085E259 /* Base */ = {isa = PBXFileReference; lastKnownFileType = file.storyboard; name = Base; path = Base.lproj/LaunchScreen.storyboard; sourceTree = "<group>"; };
		04FF980F2D29FA470085E259 /* Info.plist */ = {isa = PBXFileReference; lastKnownFileType = text.plist.xml; path = Info.plist; sourceTree = "<group>"; };
		04FF98162D2A01F80085E259 /* nssl0049.jpg */ = {isa = PBXFileReference; lastKnownFileType = image.jpeg; path = nssl0049.jpg; sourceTree = "<group>"; };
		04FF98172D2A01F80085E259 /* nssl0046.jpg */ = {isa = PBXFileReference; lastKnownFileType = image.jpeg; path = nssl0046.jpg; sourceTree = "<group>"; };
		04FF98182D2A01F80085E259 /* nssl0091.jpg */ = {isa = PBXFileReference; lastKnownFileType = image.jpeg; path = nssl0091.jpg; sourceTree = "<group>"; };
		04FF98192D2A01F80085E259 /* nssl0045.jpg */ = {isa = PBXFileReference; lastKnownFileType = image.jpeg; path = nssl0045.jpg; sourceTree = "<group>"; };
		04FF981A2D2A01F80085E259 /* nssl0051.jpg */ = {isa = PBXFileReference; lastKnownFileType = image.jpeg; path = nssl0051.jpg; sourceTree = "<group>"; };
		04FF981B2D2A01F80085E259 /* nssl0041.jpg */ = {isa = PBXFileReference; lastKnownFileType = image.jpeg; path = nssl0041.jpg; sourceTree = "<group>"; };
		04FF981C2D2A01F80085E259 /* nssl0042.jpg */ = {isa = PBXFileReference; lastKnownFileType = image.jpeg; path = nssl0042.jpg; sourceTree = "<group>"; };
		04FF981D2D2A01F80085E259 /* nssl0043.jpg */ = {isa = PBXFileReference; lastKnownFileType = image.jpeg; path = nssl0043.jpg; sourceTree = "<group>"; };
		04FF981E2D2A01F80085E259 /* nssl0033.jpg */ = {isa = PBXFileReference; lastKnownFileType = image.jpeg; path = nssl0033.jpg; sourceTree = "<group>"; };
		04FF981F2D2A01F80085E259 /* nssl0034.jpg */ = {isa = PBXFileReference; lastKnownFileType = image.jpeg; path = nssl0034.jpg; sourceTree = "<group>"; };
/* End PBXFileReference section */

/* Begin PBXFrameworksBuildPhase section */
		04FF97FB2D29FA450085E259 /* Frameworks */ = {
			isa = PBXFrameworksBuildPhase;
			buildActionMask = 2147483647;
			files = (
			);
			runOnlyForDeploymentPostprocessing = 0;
		};
/* End PBXFrameworksBuildPhase section */

/* Begin PBXGroup section */
		04FF97F52D29FA450085E259 = {
			isa = PBXGroup;
			children = (
				04FF98002D29FA450085E259 /* Project1HackingWithSwift */,
				04FF97FF2D29FA450085E259 /* Products */,
			);
			sourceTree = "<group>";
		};
		04FF97FF2D29FA450085E259 /* Products */ = {
			isa = PBXGroup;
			children = (
				04FF97FE2D29FA450085E259 /* Project1HackingWithSwift.app */,
			);
			name = Products;
			sourceTree = "<group>";
		};
		04FF98002D29FA450085E259 /* Project1HackingWithSwift */ = {
			isa = PBXGroup;
			children = (
				04FF98012D29FA450085E259 /* AppDelegate.swift */,
				04FF98032D29FA450085E259 /* SceneDelegate.swift */,
				04FF98052D29FA450085E259 /* ViewController.swift */,
				04FF98072D29FA450085E259 /* Main.storyboard */,
				041EE0DD2D2ACCEC00340307 /* DetailsViewController.swift */,
				04FF980A2D29FA470085E259 /* Assets.xcassets */,
				04FF980C2D29FA470085E259 /* LaunchScreen.storyboard */,
				04FF980F2D29FA470085E259 /* Info.plist */,
				04FF98152D2A01F80085E259 /* Content */,
			);
			path = Project1HackingWithSwift;
			sourceTree = "<group>";
		};
		04FF98152D2A01F80085E259 /* Content */ = {
			isa = PBXGroup;
			children = (
				04FF98162D2A01F80085E259 /* nssl0049.jpg */,
				04FF98172D2A01F80085E259 /* nssl0046.jpg */,
				04FF98182D2A01F80085E259 /* nssl0091.jpg */,
				04FF98192D2A01F80085E259 /* nssl0045.jpg */,
				04FF981A2D2A01F80085E259 /* nssl0051.jpg */,
				04FF981B2D2A01F80085E259 /* nssl0041.jpg */,
				04FF981C2D2A01F80085E259 /* nssl0042.jpg */,
				04FF981D2D2A01F80085E259 /* nssl0043.jpg */,
				04FF981E2D2A01F80085E259 /* nssl0033.jpg */,
				04FF981F2D2A01F80085E259 /* nssl0034.jpg */,
			);
			path = Content;
			sourceTree = "<group>";
		};
/* End PBXGroup section */

/* Begin PBXNativeTarget section */
		04FF97FD2D29FA450085E259 /* Project1HackingWithSwift */ = {
			isa = PBXNativeTarget;
			buildConfigurationList = 04FF98122D29FA470085E259 /* Build configuration list for PBXNativeTarget "Project1HackingWithSwift" */;
			buildPhases = (
				04FF97FA2D29FA450085E259 /* Sources */,
				04FF97FB2D29FA450085E259 /* Frameworks */,
				04FF97FC2D29FA450085E259 /* Resources */,
			);
			buildRules = (
			);
			dependencies = (
			);
			name = Project1HackingWithSwift;
			productName = Project1HackingWithSwift;
			productReference = 04FF97FE2D29FA450085E259 /* Project1HackingWithSwift.app */;
			productType = "com.apple.product-type.application";
		};
/* End PBXNativeTarget section */

/* Begin PBXProject section */
		04FF97F62D29FA450085E259 /* Project object */ = {
			isa = PBXProject;
			attributes = {
				BuildIndependentTargetsInParallel = 1;
				LastSwiftUpdateCheck = 1420;
				LastUpgradeCheck = 1420;
				TargetAttributes = {
					04FF97FD2D29FA450085E259 = {
						CreatedOnToolsVersion = 14.2;
					};
				};
			};
			buildConfigurationList = 04FF97F92D29FA450085E259 /* Build configuration list for PBXProject "Project1HackingWithSwift" */;
			compatibilityVersion = "Xcode 14.0";
			developmentRegion = en;
			hasScannedForEncodings = 0;
			knownRegions = (
				en,
				Base,
			);
			mainGroup = 04FF97F52D29FA450085E259;
			productRefGroup = 04FF97FF2D29FA450085E259 /* Products */;
			projectDirPath = "";
			projectRoot = "";
			targets = (
				04FF97FD2D29FA450085E259 /* Project1HackingWithSwift */,
			);
		};
/* End PBXProject section */

/* Begin PBXResourcesBuildPhase section */
		04FF97FC2D29FA450085E259 /* Resources */ = {
			isa = PBXResourcesBuildPhase;
			buildActionMask = 2147483647;
			files = (
				04FF98212D2A01F80085E259 /* nssl0046.jpg in Resources */,
				04FF98282D2A01F80085E259 /* nssl0033.jpg in Resources */,
				04FF98242D2A01F80085E259 /* nssl0051.jpg in Resources */,
				04FF98222D2A01F80085E259 /* nssl0091.jpg in Resources */,
				04FF98272D2A01F80085E259 /* nssl0043.jpg in Resources */,
				04FF98292D2A01F80085E259 /* nssl0034.jpg in Resources */,
				04FF98202D2A01F80085E259 /* nssl0049.jpg in Resources */,
				04FF98252D2A01F80085E259 /* nssl0041.jpg in Resources */,
				04FF98262D2A01F80085E259 /* nssl0042.jpg in Resources */,
				04FF980E2D29FA470085E259 /* LaunchScreen.storyboard in Resources */,
				04FF980B2D29FA470085E259 /* Assets.xcassets in Resources */,
				04FF98232D2A01F80085E259 /* nssl0045.jpg in Resources */,
				04FF98092D29FA450085E259 /* Main.storyboard in Resources */,
			);
			runOnlyForDeploymentPostprocessing = 0;
		};
/* End PBXResourcesBuildPhase section */

/* Begin PBXSourcesBuildPhase section */
		04FF97FA2D29FA450085E259 /* Sources */ = {
			isa = PBXSourcesBuildPhase;
			buildActionMask = 2147483647;
			files = (
				04FF98062D29FA450085E259 /* ViewController.swift in Sources */,
				04FF98022D29FA450085E259 /* AppDelegate.swift in Sources */,
				04FF98042D29FA450085E259 /* SceneDelegate.swift in Sources */,
				041EE0DE2D2ACCEC00340307 /* DetailsViewController.swift in Sources */,
			);
			runOnlyForDeploymentPostprocessing = 0;
		};
/* End PBXSourcesBuildPhase section */

/* Begin PBXVariantGroup section */
		04FF98072D29FA450085E259 /* Main.storyboard */ = {
			isa = PBXVariantGroup;
			children = (
				04FF98082D29FA450085E259 /* Base */,
			);
			name = Main.storyboard;
			sourceTree = "<group>";
		};
		04FF980C2D29FA470085E259 /* LaunchScreen.storyboard */ = {
			isa = PBXVariantGroup;
			children = (
				04FF980D2D29FA470085E259 /* Base */,
			);
			name = LaunchScreen.storyboard;
			sourceTree = "<group>";
		};
/* End PBXVariantGroup section */

/* Begin XCBuildConfiguration section */
		04FF98102D29FA470085E259 /* Debug */ = {
			isa = XCBuildConfiguration;
			buildSettings = {
				ALWAYS_SEARCH_USER_PATHS = NO;
				CLANG_ANALYZER_NONNULL = YES;
				CLANG_ANALYZER_NUMBER_OBJECT_CONVERSION = YES_AGGRESSIVE;
				CLANG_CXX_LANGUAGE_STANDARD = "gnu++20";
				CLANG_ENABLE_MODULES = YES;
				CLANG_ENABLE_OBJC_ARC = YES;
				CLANG_ENABLE_OBJC_WEAK = YES;
				CLANG_WARN_BLOCK_CAPTURE_AUTORELEASING = YES;
				CLANG_WARN_BOOL_CONVERSION = YES;
				CLANG_WARN_COMMA = YES;
				CLANG_WARN_CONSTANT_CONVERSION = YES;
				CLANG_WARN_DEPRECATED_OBJC_IMPLEMENTATIONS = YES;
				CLANG_WARN_DIRECT_OBJC_ISA_USAGE = YES_ERROR;
				CLANG_WARN_DOCUMENTATION_COMMENTS = YES;
				CLANG_WARN_EMPTY_BODY = YES;
				CLANG_WARN_ENUM_CONVERSION = YES;
				CLANG_WARN_INFINITE_RECURSION = YES;
				CLANG_WARN_INT_CONVERSION = YES;
				CLANG_WARN_NON_LITERAL_NULL_CONVERSION = YES;
				CLANG_WARN_OBJC_IMPLICIT_RETAIN_SELF = YES;
				CLANG_WARN_OBJC_LITERAL_CONVERSION = YES;
				CLANG_WARN_OBJC_ROOT_CLASS = YES_ERROR;
				CLANG_WARN_QUOTED_INCLUDE_IN_FRAMEWORK_HEADER = YES;
				CLANG_WARN_RANGE_LOOP_ANALYSIS = YES;
				CLANG_WARN_STRICT_PROTOTYPES = YES;
				CLANG_WARN_SUSPICIOUS_MOVE = YES;
				CLANG_WARN_UNGUARDED_AVAILABILITY = YES_AGGRESSIVE;
				CLANG_WARN_UNREACHABLE_CODE = YES;
				CLANG_WARN__DUPLICATE_METHOD_MATCH = YES;
				COPY_PHASE_STRIP = NO;
				DEBUG_INFORMATION_FORMAT = dwarf;
				ENABLE_STRICT_OBJC_MSGSEND = YES;
				ENABLE_TESTABILITY = YES;
				GCC_C_LANGUAGE_STANDARD = gnu11;
				GCC_DYNAMIC_NO_PIC = NO;
				GCC_NO_COMMON_BLOCKS = YES;
				GCC_OPTIMIZATION_LEVEL = 0;
				GCC_PREPROCESSOR_DEFINITIONS = (
					"DEBUG=1",
					"$(inherited)",
				);
				GCC_WARN_64_TO_32_BIT_CONVERSION = YES;
				GCC_WARN_ABOUT_RETURN_TYPE = YES_ERROR;
				GCC_WARN_UNDECLARED_SELECTOR = YES;
				GCC_WARN_UNINITIALIZED_AUTOS = YES_AGGRESSIVE;
				GCC_WARN_UNUSED_FUNCTION = YES;
				GCC_WARN_UNUSED_VARIABLE = YES;
				IPHONEOS_DEPLOYMENT_TARGET = 16.2;
				MTL_ENABLE_DEBUG_INFO = INCLUDE_SOURCE;
				MTL_FAST_MATH = YES;
				ONLY_ACTIVE_ARCH = YES;
				SDKROOT = iphoneos;
				SWIFT_ACTIVE_COMPILATION_CONDITIONS = DEBUG;
				SWIFT_OPTIMIZATION_LEVEL = "-Onone";
			};
			name = Debug;
		};
		04FF98112D29FA470085E259 /* Release */ = {
			isa = XCBuildConfiguration;
			buildSettings = {
				ALWAYS_SEARCH_USER_PATHS = NO;
				CLANG_ANALYZER_NONNULL = YES;
				CLANG_ANALYZER_NUMBER_OBJECT_CONVERSION = YES_AGGRESSIVE;
				CLANG_CXX_LANGUAGE_STANDARD = "gnu++20";
				CLANG_ENABLE_MODULES = YES;
				CLANG_ENABLE_OBJC_ARC = YES;
				CLANG_ENABLE_OBJC_WEAK = YES;
				CLANG_WARN_BLOCK_CAPTURE_AUTORELEASING = YES;
				CLANG_WARN_BOOL_CONVERSION = YES;
				CLANG_WARN_COMMA = YES;
				CLANG_WARN_CONSTANT_CONVERSION = YES;
				CLANG_WARN_DEPRECATED_OBJC_IMPLEMENTATIONS = YES;
				CLANG_WARN_DIRECT_OBJC_ISA_USAGE = YES_ERROR;
				CLANG_WARN_DOCUMENTATION_COMMENTS = YES;
				CLANG_WARN_EMPTY_BODY = YES;
				CLANG_WARN_ENUM_CONVERSION = YES;
				CLANG_WARN_INFINITE_RECURSION = YES;
				CLANG_WARN_INT_CONVERSION = YES;
				CLANG_WARN_NON_LITERAL_NULL_CONVERSION = YES;
				CLANG_WARN_OBJC_IMPLICIT_RETAIN_SELF = YES;
				CLANG_WARN_OBJC_LITERAL_CONVERSION = YES;
				CLANG_WARN_OBJC_ROOT_CLASS = YES_ERROR;
				CLANG_WARN_QUOTED_INCLUDE_IN_FRAMEWORK_HEADER = YES;
				CLANG_WARN_RANGE_LOOP_ANALYSIS = YES;
				CLANG_WARN_STRICT_PROTOTYPES = YES;
				CLANG_WARN_SUSPICIOUS_MOVE = YES;
				CLANG_WARN_UNGUARDED_AVAILABILITY = YES_AGGRESSIVE;
				CLANG_WARN_UNREACHABLE_CODE = YES;
				CLANG_WARN__DUPLICATE_METHOD_MATCH = YES;
				COPY_PHASE_STRIP = NO;
				DEBUG_INFORMATION_FORMAT = "dwarf-with-dsym";
				ENABLE_NS_ASSERTIONS = NO;
				ENABLE_STRICT_OBJC_MSGSEND = YES;
				GCC_C_LANGUAGE_STANDARD = gnu11;
				GCC_NO_COMMON_BLOCKS = YES;
				GCC_WARN_64_TO_32_BIT_CONVERSION = YES;
				GCC_WARN_ABOUT_RETURN_TYPE = YES_ERROR;
				GCC_WARN_UNDECLARED_SELECTOR = YES;
				GCC_WARN_UNINITIALIZED_AUTOS = YES_AGGRESSIVE;
				GCC_WARN_UNUSED_FUNCTION = YES;
				GCC_WARN_UNUSED_VARIABLE = YES;
				IPHONEOS_DEPLOYMENT_TARGET = 16.2;
				MTL_ENABLE_DEBUG_INFO = NO;
				MTL_FAST_MATH = YES;
				SDKROOT = iphoneos;
				SWIFT_COMPILATION_MODE = wholemodule;
				SWIFT_OPTIMIZATION_LEVEL = "-O";
				VALIDATE_PRODUCT = YES;
			};
			name = Release;
		};
		04FF98132D29FA470085E259 /* Debug */ = {
			isa = XCBuildConfiguration;
			buildSettings = {
				ASSETCATALOG_COMPILER_APPICON_NAME = AppIcon;
				ASSETCATALOG_COMPILER_GLOBAL_ACCENT_COLOR_NAME = AccentColor;
				CODE_SIGN_STYLE = Automatic;
				CURRENT_PROJECT_VERSION = 1;
				GENERATE_INFOPLIST_FILE = YES;
				INFOPLIST_FILE = Project1HackingWithSwift/Info.plist;
				INFOPLIST_KEY_UIApplicationSupportsIndirectInputEvents = YES;
				INFOPLIST_KEY_UILaunchStoryboardName = LaunchScreen;
				INFOPLIST_KEY_UIMainStoryboardFile = Main;
				INFOPLIST_KEY_UISupportedInterfaceOrientations_iPad = "UIInterfaceOrientationPortrait UIInterfaceOrientationPortraitUpsideDown UIInterfaceOrientationLandscapeLeft UIInterfaceOrientationLandscapeRight";
				INFOPLIST_KEY_UISupportedInterfaceOrientations_iPhone = "UIInterfaceOrientationPortrait UIInterfaceOrientationLandscapeLeft UIInterfaceOrientationLandscapeRight";
				LD_RUNPATH_SEARCH_PATHS = (
					"$(inherited)",
					"@executable_path/Frameworks",
				);
				MARKETING_VERSION = 1.0;
				PRODUCT_BUNDLE_IDENTIFIER = com.basantsalama.Project1HackingWithSwift;
				PRODUCT_NAME = "$(TARGET_NAME)";
				SWIFT_EMIT_LOC_STRINGS = YES;
				SWIFT_VERSION = 5.0;
				TARGETED_DEVICE_FAMILY = "1,2";
			};
			name = Debug;
		};
		04FF98142D29FA470085E259 /* Release */ = {
			isa = XCBuildConfiguration;
			buildSettings = {
				ASSETCATALOG_COMPILER_APPICON_NAME = AppIcon;
				ASSETCATALOG_COMPILER_GLOBAL_ACCENT_COLOR_NAME = AccentColor;
				CODE_SIGN_STYLE = Automatic;
				CURRENT_PROJECT_VERSION = 1;
				GENERATE_INFOPLIST_FILE = YES;
				INFOPLIST_FILE = Project1HackingWithSwift/Info.plist;
				INFOPLIST_KEY_UIApplicationSupportsIndirectInputEvents = YES;
				INFOPLIST_KEY_UILaunchStoryboardName = LaunchScreen;
				INFOPLIST_KEY_UIMainStoryboardFile = Main;
				INFOPLIST_KEY_UISupportedInterfaceOrientations_iPad = "UIInterfaceOrientationPortrait UIInterfaceOrientationPortraitUpsideDown UIInterfaceOrientationLandscapeLeft UIInterfaceOrientationLandscapeRight";
				INFOPLIST_KEY_UISupportedInterfaceOrientations_iPhone = "UIInterfaceOrientationPortrait UIInterfaceOrientationLandscapeLeft UIInterfaceOrientationLandscapeRight";
				LD_RUNPATH_SEARCH_PATHS = (
					"$(inherited)",
					"@executable_path/Frameworks",
				);
				MARKETING_VERSION = 1.0;
				PRODUCT_BUNDLE_IDENTIFIER = com.basantsalama.Project1HackingWithSwift;
				PRODUCT_NAME = "$(TARGET_NAME)";
				SWIFT_EMIT_LOC_STRINGS = YES;
				SWIFT_VERSION = 5.0;
				TARGETED_DEVICE_FAMILY = "1,2";
			};
			name = Release;
		};
/* End XCBuildConfiguration section */

/* Begin XCConfigurationList section */
		04FF97F92D29FA450085E259 /* Build configuration list for PBXProject "Project1HackingWithSwift" */ = {
			isa = XCConfigurationList;
			buildConfigurations = (
				04FF98102D29FA470085E259 /* Debug */,
				04FF98112D29FA470085E259 /* Release */,
			);
			defaultConfigurationIsVisible = 0;
			defaultConfigurationName = Release;
		};
		04FF98122D29FA470085E259 /* Build configuration list for PBXNativeTarget "Project1HackingWithSwift" */ = {
			isa = XCConfigurationList;
			buildConfigurations = (
				04FF98132D29FA470085E259 /* Debug */,
				04FF98142D29FA470085E259 /* Release */,
			);
			defaultConfigurationIsVisible = 0;
			defaultConfigurationName = Release;
		};
/* End XCConfigurationList section */
	};
	rootObject = 04FF97F62D29FA450085E259 /* Project object */;
}
